// !$*UTF8*$!
{
	archiveVersion = 1;
	classes = {
	};
	objectVersion = 77;
	objects = {

/* Begin PBXBuildFile section */
		4748BFE92E475A1D00CFE76A /* Media.xcassets in Resources */ = {isa = PBXBuildFile; fileRef = 4748BFE82E475A1D00CFE76A /* Media.xcassets */; };
		D10077232EA0C104000DA2D8 /* WidgetKit.framework in Frameworks */ = {isa = PBXBuildFile; fileRef = D10077222EA0C104000DA2D8 /* WidgetKit.framework */; };
		D10077252EA0C104000DA2D8 /* SwiftUI.framework in Frameworks */ = {isa = PBXBuildFile; fileRef = D10077242EA0C104000DA2D8 /* SwiftUI.framework */; };
		D10077362EA0C106000DA2D8 /* ReceiptSplittingWidgetExtension.appex in Embed Foundation Extensions */ = {isa = PBXBuildFile; fileRef = D10077202EA0C104000DA2D8 /* ReceiptSplittingWidgetExtension.appex */; settings = {ATTRIBUTES = (RemoveHeadersOnCopy, ); }; };
/* End PBXBuildFile section */

/* Begin PBXContainerItemProxy section */
		4760389F2E40FB44008AB7AA /* PBXContainerItemProxy */ = {
			isa = PBXContainerItemProxy;
			containerPortal = 476038862E40FB43008AB7AA /* Project object */;
			proxyType = 1;
			remoteGlobalIDString = 4760388D2E40FB43008AB7AA;
			remoteInfo = "Grocery Split App";
		};
		476038A92E40FB44008AB7AA /* PBXContainerItemProxy */ = {
			isa = PBXContainerItemProxy;
			containerPortal = 476038862E40FB43008AB7AA /* Project object */;
			proxyType = 1;
			remoteGlobalIDString = 4760388D2E40FB43008AB7AA;
			remoteInfo = "Grocery Split App";
		};
		D10077342EA0C106000DA2D8 /* PBXContainerItemProxy */ = {
			isa = PBXContainerItemProxy;
			containerPortal = 476038862E40FB43008AB7AA /* Project object */;
			proxyType = 1;
			remoteGlobalIDString = D100771F2EA0C104000DA2D8;
			remoteInfo = ReceiptSplittingWidgetExtension;
		};
/* End PBXContainerItemProxy section */

/* Begin PBXCopyFilesBuildPhase section */
		D10077372EA0C106000DA2D8 /* Embed Foundation Extensions */ = {
			isa = PBXCopyFilesBuildPhase;
			buildActionMask = 2147483647;
			dstPath = "";
			dstSubfolderSpec = 13;
			files = (
				D10077362EA0C106000DA2D8 /* ReceiptSplittingWidgetExtension.appex in Embed Foundation Extensions */,
			);
			name = "Embed Foundation Extensions";
			runOnlyForDeploymentPostprocessing = 0;
		};
/* End PBXCopyFilesBuildPhase section */

/* Begin PBXFileReference section */
		4748BFE82E475A1D00CFE76A /* Media.xcassets */ = {isa = PBXFileReference; lastKnownFileType = folder.assetcatalog; path = Media.xcassets; sourceTree = "<group>"; };
		4760388E2E40FB43008AB7AA /* Grocery Split App.app */ = {isa = PBXFileReference; explicitFileType = wrapper.application; includeInIndex = 0; path = "Grocery Split App.app"; sourceTree = BUILT_PRODUCTS_DIR; };
		4760389E2E40FB44008AB7AA /* Grocery Split AppTests.xctest */ = {isa = PBXFileReference; explicitFileType = wrapper.cfbundle; includeInIndex = 0; path = "Grocery Split AppTests.xctest"; sourceTree = BUILT_PRODUCTS_DIR; };
		476038A82E40FB44008AB7AA /* Grocery Split AppUITests.xctest */ = {isa = PBXFileReference; explicitFileType = wrapper.cfbundle; includeInIndex = 0; path = "Grocery Split AppUITests.xctest"; sourceTree = BUILT_PRODUCTS_DIR; };
		D10077202EA0C104000DA2D8 /* ReceiptSplittingWidgetExtension.appex */ = {isa = PBXFileReference; explicitFileType = "wrapper.app-extension"; includeInIndex = 0; path = ReceiptSplittingWidgetExtension.appex; sourceTree = BUILT_PRODUCTS_DIR; };
		D10077222EA0C104000DA2D8 /* WidgetKit.framework */ = {isa = PBXFileReference; lastKnownFileType = wrapper.framework; name = WidgetKit.framework; path = System/Library/Frameworks/WidgetKit.framework; sourceTree = SDKROOT; };
		D10077242EA0C104000DA2D8 /* SwiftUI.framework */ = {isa = PBXFileReference; lastKnownFileType = wrapper.framework; name = SwiftUI.framework; path = System/Library/Frameworks/SwiftUI.framework; sourceTree = SDKROOT; };
/* End PBXFileReference section */

/* Begin PBXFileSystemSynchronizedBuildFileExceptionSet section */
		D100773A2EA0C106000DA2D8 /* Exceptions for "ReceiptSplittingWidget" folder in "ReceiptSplittingWidgetExtension" target */ = {
			isa = PBXFileSystemSynchronizedBuildFileExceptionSet;
			membershipExceptions = (
				Info.plist,
			);
			target = D100771F2EA0C104000DA2D8 /* ReceiptSplittingWidgetExtension */;
		};
/* End PBXFileSystemSynchronizedBuildFileExceptionSet section */

/* Begin PBXFileSystemSynchronizedRootGroup section */
		476038902E40FB43008AB7AA /* Grocery Split App */ = {
			isa = PBXFileSystemSynchronizedRootGroup;
			path = "Grocery Split App";
			sourceTree = "<group>";
		};
		476038A12E40FB44008AB7AA /* Grocery Split AppTests */ = {
			isa = PBXFileSystemSynchronizedRootGroup;
			path = "Grocery Split AppTests";
			sourceTree = "<group>";
		};
		476038AB2E40FB44008AB7AA /* Grocery Split AppUITests */ = {
			isa = PBXFileSystemSynchronizedRootGroup;
			path = "Grocery Split AppUITests";
			sourceTree = "<group>";
		};
		D10077262EA0C104000DA2D8 /* ReceiptSplittingWidget */ = {
			isa = PBXFileSystemSynchronizedRootGroup;
			exceptions = (
				D100773A2EA0C106000DA2D8 /* Exceptions for "ReceiptSplittingWidget" folder in "ReceiptSplittingWidgetExtension" target */,
			);
			path = ReceiptSplittingWidget;
			sourceTree = "<group>";
		};
/* End PBXFileSystemSynchronizedRootGroup section */

/* Begin PBXFrameworksBuildPhase section */
		4760388B2E40FB43008AB7AA /* Frameworks */ = {
			isa = PBXFrameworksBuildPhase;
			buildActionMask = 2147483647;
			files = (
			);
			runOnlyForDeploymentPostprocessing = 0;
		};
		4760389B2E40FB44008AB7AA /* Frameworks */ = {
			isa = PBXFrameworksBuildPhase;
			buildActionMask = 2147483647;
			files = (
			);
			runOnlyForDeploymentPostprocessing = 0;
		};
		476038A52E40FB44008AB7AA /* Frameworks */ = {
			isa = PBXFrameworksBuildPhase;
			buildActionMask = 2147483647;
			files = (
			);
			runOnlyForDeploymentPostprocessing = 0;
		};
		D100771D2EA0C104000DA2D8 /* Frameworks */ = {
			isa = PBXFrameworksBuildPhase;
			buildActionMask = 2147483647;
			files = (
				D10077252EA0C104000DA2D8 /* SwiftUI.framework in Frameworks */,
				D10077232EA0C104000DA2D8 /* WidgetKit.framework in Frameworks */,
			);
			runOnlyForDeploymentPostprocessing = 0;
		};
/* End PBXFrameworksBuildPhase section */

/* Begin PBXGroup section */
		476038852E40FB43008AB7AA = {
			isa = PBXGroup;
			children = (
				4748BFE82E475A1D00CFE76A /* Media.xcassets */,
				476038902E40FB43008AB7AA /* Grocery Split App */,
				476038A12E40FB44008AB7AA /* Grocery Split AppTests */,
				476038AB2E40FB44008AB7AA /* Grocery Split AppUITests */,
				D10077262EA0C104000DA2D8 /* ReceiptSplittingWidget */,
				D10077212EA0C104000DA2D8 /* Frameworks */,
				4760388F2E40FB43008AB7AA /* Products */,
			);
			sourceTree = "<group>";
		};
		4760388F2E40FB43008AB7AA /* Products */ = {
			isa = PBXGroup;
			children = (
				4760388E2E40FB43008AB7AA /* Grocery Split App.app */,
				4760389E2E40FB44008AB7AA /* Grocery Split AppTests.xctest */,
				476038A82E40FB44008AB7AA /* Grocery Split AppUITests.xctest */,
				D10077202EA0C104000DA2D8 /* ReceiptSplittingWidgetExtension.appex */,
			);
			name = Products;
			sourceTree = "<group>";
		};
		D10077212EA0C104000DA2D8 /* Frameworks */ = {
			isa = PBXGroup;
			children = (
				D10077222EA0C104000DA2D8 /* WidgetKit.framework */,
				D10077242EA0C104000DA2D8 /* SwiftUI.framework */,
			);
			name = Frameworks;
			sourceTree = "<group>";
		};
/* End PBXGroup section */

/* Begin PBXNativeTarget section */
		4760388D2E40FB43008AB7AA /* Grocery Split App */ = {
			isa = PBXNativeTarget;
			buildConfigurationList = 476038B22E40FB44008AB7AA /* Build configuration list for PBXNativeTarget "Grocery Split App" */;
			buildPhases = (
				4760388A2E40FB43008AB7AA /* Sources */,
				4760388B2E40FB43008AB7AA /* Frameworks */,
				4760388C2E40FB43008AB7AA /* Resources */,
				D10077372EA0C106000DA2D8 /* Embed Foundation Extensions */,
			);
			buildRules = (
			);
			dependencies = (
				D10077352EA0C106000DA2D8 /* PBXTargetDependency */,
			);
			fileSystemSynchronizedGroups = (
				476038902E40FB43008AB7AA /* Grocery Split App */,
			);
			name = "Grocery Split App";
			packageProductDependencies = (
			);
			productName = "Grocery Split App";
			productReference = 4760388E2E40FB43008AB7AA /* Grocery Split App.app */;
			productType = "com.apple.product-type.application";
		};
		4760389D2E40FB44008AB7AA /* Grocery Split AppTests */ = {
			isa = PBXNativeTarget;
			buildConfigurationList = 476038B52E40FB44008AB7AA /* Build configuration list for PBXNativeTarget "Grocery Split AppTests" */;
			buildPhases = (
				4760389A2E40FB44008AB7AA /* Sources */,
				4760389B2E40FB44008AB7AA /* Frameworks */,
				4760389C2E40FB44008AB7AA /* Resources */,
			);
			buildRules = (
			);
			dependencies = (
				476038A02E40FB44008AB7AA /* PBXTargetDependency */,
			);
			fileSystemSynchronizedGroups = (
				476038A12E40FB44008AB7AA /* Grocery Split AppTests */,
			);
			name = "Grocery Split AppTests";
			packageProductDependencies = (
			);
			productName = "Grocery Split AppTests";
			productReference = 4760389E2E40FB44008AB7AA /* Grocery Split AppTests.xctest */;
			productType = "com.apple.product-type.bundle.unit-test";
		};
		476038A72E40FB44008AB7AA /* Grocery Split AppUITests */ = {
			isa = PBXNativeTarget;
			buildConfigurationList = 476038B82E40FB44008AB7AA /* Build configuration list for PBXNativeTarget "Grocery Split AppUITests" */;
			buildPhases = (
				476038A42E40FB44008AB7AA /* Sources */,
				476038A52E40FB44008AB7AA /* Frameworks */,
				476038A62E40FB44008AB7AA /* Resources */,
			);
			buildRules = (
			);
			dependencies = (
				476038AA2E40FB44008AB7AA /* PBXTargetDependency */,
			);
			fileSystemSynchronizedGroups = (
				476038AB2E40FB44008AB7AA /* Grocery Split AppUITests */,
			);
			name = "Grocery Split AppUITests";
			packageProductDependencies = (
			);
			productName = "Grocery Split AppUITests";
			productReference = 476038A82E40FB44008AB7AA /* Grocery Split AppUITests.xctest */;
			productType = "com.apple.product-type.bundle.ui-testing";
		};
		D100771F2EA0C104000DA2D8 /* ReceiptSplittingWidgetExtension */ = {
			isa = PBXNativeTarget;
			buildConfigurationList = D100773B2EA0C106000DA2D8 /* Build configuration list for PBXNativeTarget "ReceiptSplittingWidgetExtension" */;
			buildPhases = (
				D100771C2EA0C104000DA2D8 /* Sources */,
				D100771D2EA0C104000DA2D8 /* Frameworks */,
				D100771E2EA0C104000DA2D8 /* Resources */,
			);
			buildRules = (
			);
			dependencies = (
			);
			fileSystemSynchronizedGroups = (
				D10077262EA0C104000DA2D8 /* ReceiptSplittingWidget */,
			);
			name = ReceiptSplittingWidgetExtension;
			packageProductDependencies = (
			);
			productName = ReceiptSplittingWidgetExtension;
			productReference = D10077202EA0C104000DA2D8 /* ReceiptSplittingWidgetExtension.appex */;
			productType = "com.apple.product-type.app-extension";
		};
/* End PBXNativeTarget section */

/* Begin PBXProject section */
		476038862E40FB43008AB7AA /* Project object */ = {
			isa = PBXProject;
			attributes = {
				BuildIndependentTargetsInParallel = 1;
				LastSwiftUpdateCheck = 2600;
				LastUpgradeCheck = 1620;
				TargetAttributes = {
					4760388D2E40FB43008AB7AA = {
						CreatedOnToolsVersion = 16.2;
					};
					4760389D2E40FB44008AB7AA = {
						CreatedOnToolsVersion = 16.2;
						TestTargetID = 4760388D2E40FB43008AB7AA;
					};
					476038A72E40FB44008AB7AA = {
						CreatedOnToolsVersion = 16.2;
						TestTargetID = 4760388D2E40FB43008AB7AA;
					};
					D100771F2EA0C104000DA2D8 = {
						CreatedOnToolsVersion = 26.0.1;
					};
				};
			};
			buildConfigurationList = 476038892E40FB43008AB7AA /* Build configuration list for PBXProject "Grocery Split App" */;
			developmentRegion = en;
			hasScannedForEncodings = 0;
			knownRegions = (
				en,
				Base,
			);
			mainGroup = 476038852E40FB43008AB7AA;
			minimizedProjectReferenceProxies = 1;
			preferredProjectObjectVersion = 77;
			productRefGroup = 4760388F2E40FB43008AB7AA /* Products */;
			projectDirPath = "";
			projectRoot = "";
			targets = (
				4760388D2E40FB43008AB7AA /* Grocery Split App */,
				4760389D2E40FB44008AB7AA /* Grocery Split AppTests */,
				476038A72E40FB44008AB7AA /* Grocery Split AppUITests */,
				D100771F2EA0C104000DA2D8 /* ReceiptSplittingWidgetExtension */,
			);
		};
/* End PBXProject section */

/* Begin PBXResourcesBuildPhase section */
		4760388C2E40FB43008AB7AA /* Resources */ = {
			isa = PBXResourcesBuildPhase;
			buildActionMask = 2147483647;
			files = (
				4748BFE92E475A1D00CFE76A /* Media.xcassets in Resources */,
			);
			runOnlyForDeploymentPostprocessing = 0;
		};
		4760389C2E40FB44008AB7AA /* Resources */ = {
			isa = PBXResourcesBuildPhase;
			buildActionMask = 2147483647;
			files = (
			);
			runOnlyForDeploymentPostprocessing = 0;
		};
		476038A62E40FB44008AB7AA /* Resources */ = {
			isa = PBXResourcesBuildPhase;
			buildActionMask = 2147483647;
			files = (
			);
			runOnlyForDeploymentPostprocessing = 0;
		};
		D100771E2EA0C104000DA2D8 /* Resources */ = {
			isa = PBXResourcesBuildPhase;
			buildActionMask = 2147483647;
			files = (
			);
			runOnlyForDeploymentPostprocessing = 0;
		};
/* End PBXResourcesBuildPhase section */

/* Begin PBXSourcesBuildPhase section */
		4760388A2E40FB43008AB7AA /* Sources */ = {
			isa = PBXSourcesBuildPhase;
			buildActionMask = 2147483647;
			files = (
			);
			runOnlyForDeploymentPostprocessing = 0;
		};
		4760389A2E40FB44008AB7AA /* Sources */ = {
			isa = PBXSourcesBuildPhase;
			buildActionMask = 2147483647;
			files = (
			);
			runOnlyForDeploymentPostprocessing = 0;
		};
		476038A42E40FB44008AB7AA /* Sources */ = {
			isa = PBXSourcesBuildPhase;
			buildActionMask = 2147483647;
			files = (
			);
			runOnlyForDeploymentPostprocessing = 0;
		};
		D100771C2EA0C104000DA2D8 /* Sources */ = {
			isa = PBXSourcesBuildPhase;
			buildActionMask = 2147483647;
			files = (
			);
			runOnlyForDeploymentPostprocessing = 0;
		};
/* End PBXSourcesBuildPhase section */

/* Begin PBXTargetDependency section */
		476038A02E40FB44008AB7AA /* PBXTargetDependency */ = {
			isa = PBXTargetDependency;
			target = 4760388D2E40FB43008AB7AA /* Grocery Split App */;
			targetProxy = 4760389F2E40FB44008AB7AA /* PBXContainerItemProxy */;
		};
		476038AA2E40FB44008AB7AA /* PBXTargetDependency */ = {
			isa = PBXTargetDependency;
			target = 4760388D2E40FB43008AB7AA /* Grocery Split App */;
			targetProxy = 476038A92E40FB44008AB7AA /* PBXContainerItemProxy */;
		};
		D10077352EA0C106000DA2D8 /* PBXTargetDependency */ = {
			isa = PBXTargetDependency;
			target = D100771F2EA0C104000DA2D8 /* ReceiptSplittingWidgetExtension */;
			targetProxy = D10077342EA0C106000DA2D8 /* PBXContainerItemProxy */;
		};
/* End PBXTargetDependency section */

/* Begin XCBuildConfiguration section */
		476038B02E40FB44008AB7AA /* Debug */ = {
			isa = XCBuildConfiguration;
			buildSettings = {
				ALWAYS_SEARCH_USER_PATHS = NO;
				ASSETCATALOG_COMPILER_GENERATE_SWIFT_ASSET_SYMBOL_EXTENSIONS = YES;
				CLANG_ANALYZER_NONNULL = YES;
				CLANG_ANALYZER_NUMBER_OBJECT_CONVERSION = YES_AGGRESSIVE;
				CLANG_CXX_LANGUAGE_STANDARD = "gnu++20";
				CLANG_ENABLE_MODULES = YES;
				CLANG_ENABLE_OBJC_ARC = YES;
				CLANG_ENABLE_OBJC_WEAK = YES;
				CLANG_WARN_BLOCK_CAPTURE_AUTORELEASING = YES;
				CLANG_WARN_BOOL_CONVERSION = YES;
				CLANG_WARN_COMMA = YES;
				CLANG_WARN_CONSTANT_CONVERSION = YES;
				CLANG_WARN_DEPRECATED_OBJC_IMPLEMENTATIONS = YES;
				CLANG_WARN_DIRECT_OBJC_ISA_USAGE = YES_ERROR;
				CLANG_WARN_DOCUMENTATION_COMMENTS = YES;
				CLANG_WARN_EMPTY_BODY = YES;
				CLANG_WARN_ENUM_CONVERSION = YES;
				CLANG_WARN_INFINITE_RECURSION = YES;
				CLANG_WARN_INT_CONVERSION = YES;
				CLANG_WARN_NON_LITERAL_NULL_CONVERSION = YES;
				CLANG_WARN_OBJC_IMPLICIT_RETAIN_SELF = YES;
				CLANG_WARN_OBJC_LITERAL_CONVERSION = YES;
				CLANG_WARN_OBJC_ROOT_CLASS = YES_ERROR;
				CLANG_WARN_QUOTED_INCLUDE_IN_FRAMEWORK_HEADER = YES;
				CLANG_WARN_RANGE_LOOP_ANALYSIS = YES;
				CLANG_WARN_STRICT_PROTOTYPES = YES;
				CLANG_WARN_SUSPICIOUS_MOVE = YES;
				CLANG_WARN_UNGUARDED_AVAILABILITY = YES_AGGRESSIVE;
				CLANG_WARN_UNREACHABLE_CODE = YES;
				CLANG_WARN__DUPLICATE_METHOD_MATCH = YES;
				COPY_PHASE_STRIP = NO;
				DEBUG_INFORMATION_FORMAT = dwarf;
				ENABLE_STRICT_OBJC_MSGSEND = YES;
				ENABLE_TESTABILITY = YES;
				ENABLE_USER_SCRIPT_SANDBOXING = YES;
				GCC_C_LANGUAGE_STANDARD = gnu17;
				GCC_DYNAMIC_NO_PIC = NO;
				GCC_NO_COMMON_BLOCKS = YES;
				GCC_OPTIMIZATION_LEVEL = 0;
				GCC_PREPROCESSOR_DEFINITIONS = (
					"DEBUG=1",
					"$(inherited)",
				);
				GCC_WARN_64_TO_32_BIT_CONVERSION = YES;
				GCC_WARN_ABOUT_RETURN_TYPE = YES_ERROR;
				GCC_WARN_UNDECLARED_SELECTOR = YES;
				GCC_WARN_UNINITIALIZED_AUTOS = YES_AGGRESSIVE;
				GCC_WARN_UNUSED_FUNCTION = YES;
				GCC_WARN_UNUSED_VARIABLE = YES;
				IPHONEOS_DEPLOYMENT_TARGET = 18.2;
				LOCALIZATION_PREFERS_STRING_CATALOGS = YES;
				MTL_ENABLE_DEBUG_INFO = INCLUDE_SOURCE;
				MTL_FAST_MATH = YES;
				ONLY_ACTIVE_ARCH = YES;
				SDKROOT = iphoneos;
				SWIFT_ACTIVE_COMPILATION_CONDITIONS = "DEBUG $(inherited)";
				SWIFT_OPTIMIZATION_LEVEL = "-Onone";
			};
			name = Debug;
		};
		476038B12E40FB44008AB7AA /* Release */ = {
			isa = XCBuildConfiguration;
			buildSettings = {
				ALWAYS_SEARCH_USER_PATHS = NO;
				ASSETCATALOG_COMPILER_GENERATE_SWIFT_ASSET_SYMBOL_EXTENSIONS = YES;
				CLANG_ANALYZER_NONNULL = YES;
				CLANG_ANALYZER_NUMBER_OBJECT_CONVERSION = YES_AGGRESSIVE;
				CLANG_CXX_LANGUAGE_STANDARD = "gnu++20";
				CLANG_ENABLE_MODULES = YES;
				CLANG_ENABLE_OBJC_ARC = YES;
				CLANG_ENABLE_OBJC_WEAK = YES;
				CLANG_WARN_BLOCK_CAPTURE_AUTORELEASING = YES;
				CLANG_WARN_BOOL_CONVERSION = YES;
				CLANG_WARN_COMMA = YES;
				CLANG_WARN_CONSTANT_CONVERSION = YES;
				CLANG_WARN_DEPRECATED_OBJC_IMPLEMENTATIONS = YES;
				CLANG_WARN_DIRECT_OBJC_ISA_USAGE = YES_ERROR;
				CLANG_WARN_DOCUMENTATION_COMMENTS = YES;
				CLANG_WARN_EMPTY_BODY = YES;
				CLANG_WARN_ENUM_CONVERSION = YES;
				CLANG_WARN_INFINITE_RECURSION = YES;
				CLANG_WARN_INT_CONVERSION = YES;
				CLANG_WARN_NON_LITERAL_NULL_CONVERSION = YES;
				CLANG_WARN_OBJC_IMPLICIT_RETAIN_SELF = YES;
				CLANG_WARN_OBJC_LITERAL_CONVERSION = YES;
				CLANG_WARN_OBJC_ROOT_CLASS = YES_ERROR;
				CLANG_WARN_QUOTED_INCLUDE_IN_FRAMEWORK_HEADER = YES;
				CLANG_WARN_RANGE_LOOP_ANALYSIS = YES;
				CLANG_WARN_STRICT_PROTOTYPES = YES;
				CLANG_WARN_SUSPICIOUS_MOVE = YES;
				CLANG_WARN_UNGUARDED_AVAILABILITY = YES_AGGRESSIVE;
				CLANG_WARN_UNREACHABLE_CODE = YES;
				CLANG_WARN__DUPLICATE_METHOD_MATCH = YES;
				COPY_PHASE_STRIP = NO;
				DEBUG_INFORMATION_FORMAT = "dwarf-with-dsym";
				ENABLE_NS_ASSERTIONS = NO;
				ENABLE_STRICT_OBJC_MSGSEND = YES;
				ENABLE_USER_SCRIPT_SANDBOXING = YES;
				GCC_C_LANGUAGE_STANDARD = gnu17;
				GCC_NO_COMMON_BLOCKS = YES;
				GCC_WARN_64_TO_32_BIT_CONVERSION = YES;
				GCC_WARN_ABOUT_RETURN_TYPE = YES_ERROR;
				GCC_WARN_UNDECLARED_SELECTOR = YES;
				GCC_WARN_UNINITIALIZED_AUTOS = YES_AGGRESSIVE;
				GCC_WARN_UNUSED_FUNCTION = YES;
				GCC_WARN_UNUSED_VARIABLE = YES;
				IPHONEOS_DEPLOYMENT_TARGET = 18.2;
				LOCALIZATION_PREFERS_STRING_CATALOGS = YES;
				MTL_ENABLE_DEBUG_INFO = NO;
				MTL_FAST_MATH = YES;
				SDKROOT = iphoneos;
				SWIFT_COMPILATION_MODE = wholemodule;
				VALIDATE_PRODUCT = YES;
			};
			name = Release;
		};
		476038B32E40FB44008AB7AA /* Debug */ = {
			isa = XCBuildConfiguration;
			buildSettings = {
				ASSETCATALOG_COMPILER_APPICON_NAME = AppIcon;
				ASSETCATALOG_COMPILER_GLOBAL_ACCENT_COLOR_NAME = AccentColor;
				CODE_SIGN_STYLE = Automatic;
				CURRENT_PROJECT_VERSION = 1;
				DEVELOPMENT_ASSET_PATHS = "\"Grocery Split App/Preview Content\"";
				ENABLE_PREVIEWS = YES;
				GENERATE_INFOPLIST_FILE = YES;
				INFOPLIST_KEY_NSCameraUsageDescription = "";
				INFOPLIST_KEY_NSPhotoLibraryAddUsageDescription = "";
				INFOPLIST_KEY_NSPhotoLibraryUsageDescription = "";
				INFOPLIST_KEY_UIApplicationSceneManifest_Generation = YES;
				INFOPLIST_KEY_UIApplicationSupportsIndirectInputEvents = YES;
				INFOPLIST_KEY_UILaunchScreen_Generation = YES;
				INFOPLIST_KEY_UISupportedInterfaceOrientations_iPad = "UIInterfaceOrientationPortrait UIInterfaceOrientationPortraitUpsideDown UIInterfaceOrientationLandscapeLeft UIInterfaceOrientationLandscapeRight";
				INFOPLIST_KEY_UISupportedInterfaceOrientations_iPhone = "UIInterfaceOrientationPortrait UIInterfaceOrientationLandscapeLeft UIInterfaceOrientationLandscapeRight";
				LD_RUNPATH_SEARCH_PATHS = (
					"$(inherited)",
					"@executable_path/Frameworks",
				);
				MARKETING_VERSION = 1.0;
				PRODUCT_BUNDLE_IDENTIFIER = "Roger.Grocery-Split-App";
				PRODUCT_NAME = "$(TARGET_NAME)";
				SWIFT_EMIT_LOC_STRINGS = YES;
				SWIFT_VERSION = 5.0;
				TARGETED_DEVICE_FAMILY = "1,2";
			};
			name = Debug;
		};
		476038B42E40FB44008AB7AA /* Release */ = {
			isa = XCBuildConfiguration;
			buildSettings = {
				ASSETCATALOG_COMPILER_APPICON_NAME = AppIcon;
				ASSETCATALOG_COMPILER_GLOBAL_ACCENT_COLOR_NAME = AccentColor;
				CODE_SIGN_STYLE = Automatic;
				CURRENT_PROJECT_VERSION = 1;
				DEVELOPMENT_ASSET_PATHS = "\"Grocery Split App/Preview Content\"";
				ENABLE_PREVIEWS = YES;
				GENERATE_INFOPLIST_FILE = YES;
				INFOPLIST_KEY_NSCameraUsageDescription = "";
				INFOPLIST_KEY_NSPhotoLibraryAddUsageDescription = "";
				INFOPLIST_KEY_NSPhotoLibraryUsageDescription = "";
				INFOPLIST_KEY_UIApplicationSceneManifest_Generation = YES;
				INFOPLIST_KEY_UIApplicationSupportsIndirectInputEvents = YES;
				INFOPLIST_KEY_UILaunchScreen_Generation = YES;
				INFOPLIST_KEY_UISupportedInterfaceOrientations_iPad = "UIInterfaceOrientationPortrait UIInterfaceOrientationPortraitUpsideDown UIInterfaceOrientationLandscapeLeft UIInterfaceOrientationLandscapeRight";
				INFOPLIST_KEY_UISupportedInterfaceOrientations_iPhone = "UIInterfaceOrientationPortrait UIInterfaceOrientationLandscapeLeft UIInterfaceOrientationLandscapeRight";
				LD_RUNPATH_SEARCH_PATHS = (
					"$(inherited)",
					"@executable_path/Frameworks",
				);
				MARKETING_VERSION = 1.0;
				PRODUCT_BUNDLE_IDENTIFIER = "Roger.Grocery-Split-App";
				PRODUCT_NAME = "$(TARGET_NAME)";
				SWIFT_EMIT_LOC_STRINGS = YES;
				SWIFT_VERSION = 5.0;
				TARGETED_DEVICE_FAMILY = "1,2";
			};
			name = Release;
		};
		476038B62E40FB44008AB7AA /* Debug */ = {
			isa = XCBuildConfiguration;
			buildSettings = {
				BUNDLE_LOADER = "$(TEST_HOST)";
				CODE_SIGN_STYLE = Automatic;
				CURRENT_PROJECT_VERSION = 1;
				GENERATE_INFOPLIST_FILE = YES;
				IPHONEOS_DEPLOYMENT_TARGET = 18.2;
				MARKETING_VERSION = 1.0;
				PRODUCT_BUNDLE_IDENTIFIER = "Roger.Grocery-Split-AppTests";
				PRODUCT_NAME = "$(TARGET_NAME)";
				SWIFT_EMIT_LOC_STRINGS = NO;
				SWIFT_VERSION = 5.0;
				TARGETED_DEVICE_FAMILY = "1,2";
				TEST_HOST = "$(BUILT_PRODUCTS_DIR)/Grocery Split App.app/$(BUNDLE_EXECUTABLE_FOLDER_PATH)/Grocery Split App";
			};
			name = Debug;
		};
		476038B72E40FB44008AB7AA /* Release */ = {
			isa = XCBuildConfiguration;
			buildSettings = {
				BUNDLE_LOADER = "$(TEST_HOST)";
				CODE_SIGN_STYLE = Automatic;
				CURRENT_PROJECT_VERSION = 1;
				GENERATE_INFOPLIST_FILE = YES;
				IPHONEOS_DEPLOYMENT_TARGET = 18.2;
				MARKETING_VERSION = 1.0;
				PRODUCT_BUNDLE_IDENTIFIER = "Roger.Grocery-Split-AppTests";
				PRODUCT_NAME = "$(TARGET_NAME)";
				SWIFT_EMIT_LOC_STRINGS = NO;
				SWIFT_VERSION = 5.0;
				TARGETED_DEVICE_FAMILY = "1,2";
				TEST_HOST = "$(BUILT_PRODUCTS_DIR)/Grocery Split App.app/$(BUNDLE_EXECUTABLE_FOLDER_PATH)/Grocery Split App";
			};
			name = Release;
		};
		476038B92E40FB44008AB7AA /* Debug */ = {
			isa = XCBuildConfiguration;
			buildSettings = {
				CODE_SIGN_STYLE = Automatic;
				CURRENT_PROJECT_VERSION = 1;
				GENERATE_INFOPLIST_FILE = YES;
				MARKETING_VERSION = 1.0;
				PRODUCT_BUNDLE_IDENTIFIER = "Roger.Grocery-Split-AppUITests";
				PRODUCT_NAME = "$(TARGET_NAME)";
				SWIFT_EMIT_LOC_STRINGS = NO;
				SWIFT_VERSION = 5.0;
				TARGETED_DEVICE_FAMILY = "1,2";
				TEST_TARGET_NAME = "Grocery Split App";
			};
			name = Debug;
		};
		476038BA2E40FB44008AB7AA /* Release */ = {
			isa = XCBuildConfiguration;
			buildSettings = {
				CODE_SIGN_STYLE = Automatic;
				CURRENT_PROJECT_VERSION = 1;
				GENERATE_INFOPLIST_FILE = YES;
				MARKETING_VERSION = 1.0;
				PRODUCT_BUNDLE_IDENTIFIER = "Roger.Grocery-Split-AppUITests";
				PRODUCT_NAME = "$(TARGET_NAME)";
				SWIFT_EMIT_LOC_STRINGS = NO;
				SWIFT_VERSION = 5.0;
				TARGETED_DEVICE_FAMILY = "1,2";
				TEST_TARGET_NAME = "Grocery Split App";
			};
			name = Release;
		};
		D10077382EA0C106000DA2D8 /* Debug */ = {
			isa = XCBuildConfiguration;
			buildSettings = {
				ASSETCATALOG_COMPILER_GLOBAL_ACCENT_COLOR_NAME = AccentColor;
				ASSETCATALOG_COMPILER_WIDGET_BACKGROUND_COLOR_NAME = WidgetBackground;
				CODE_SIGN_STYLE = Automatic;
				CURRENT_PROJECT_VERSION = 1;
				GENERATE_INFOPLIST_FILE = YES;
				INFOPLIST_FILE = ReceiptSplittingWidget/Info.plist;
				INFOPLIST_KEY_CFBundleDisplayName = ReceiptSplittingWidget;
				INFOPLIST_KEY_NSHumanReadableCopyright = "";
				IPHONEOS_DEPLOYMENT_TARGET = 26.0;
				LD_RUNPATH_SEARCH_PATHS = (
					"$(inherited)",
					"@executable_path/Frameworks",
					"@executable_path/../../Frameworks",
				);
				MARKETING_VERSION = 1.0;
				PRODUCT_BUNDLE_IDENTIFIER = "Roger.Grocery-Split-App.ReceiptSplittingWidget";
				PRODUCT_NAME = "$(TARGET_NAME)";
				SKIP_INSTALL = YES;
				STRING_CATALOG_GENERATE_SYMBOLS = YES;
				SWIFT_APPROACHABLE_CONCURRENCY = YES;
				SWIFT_EMIT_LOC_STRINGS = YES;
				SWIFT_UPCOMING_FEATURE_MEMBER_IMPORT_VISIBILITY = YES;
				SWIFT_VERSION = 5.0;
				TARGETED_DEVICE_FAMILY = "1,2";
			};
			name = Debug;
		};
		D10077392EA0C106000DA2D8 /* Release */ = {
			isa = XCBuildConfiguration;
			buildSettings = {
				ASSETCATALOG_COMPILER_GLOBAL_ACCENT_COLOR_NAME = AccentColor;
				ASSETCATALOG_COMPILER_WIDGET_BACKGROUND_COLOR_NAME = WidgetBackground;
				CODE_SIGN_STYLE = Automatic;
				CURRENT_PROJECT_VERSION = 1;
				GENERATE_INFOPLIST_FILE = YES;
				INFOPLIST_FILE = ReceiptSplittingWidget/Info.plist;
				INFOPLIST_KEY_CFBundleDisplayName = ReceiptSplittingWidget;
				INFOPLIST_KEY_NSHumanReadableCopyright = "";
				IPHONEOS_DEPLOYMENT_TARGET = 26.0;
				LD_RUNPATH_SEARCH_PATHS = (
					"$(inherited)",
					"@executable_path/Frameworks",
					"@executable_path/../../Frameworks",
				);
				MARKETING_VERSION = 1.0;
				PRODUCT_BUNDLE_IDENTIFIER = "Roger.Grocery-Split-App.ReceiptSplittingWidget";
				PRODUCT_NAME = "$(TARGET_NAME)";
				SKIP_INSTALL = YES;
				STRING_CATALOG_GENERATE_SYMBOLS = YES;
				SWIFT_APPROACHABLE_CONCURRENCY = YES;
				SWIFT_EMIT_LOC_STRINGS = YES;
				SWIFT_UPCOMING_FEATURE_MEMBER_IMPORT_VISIBILITY = YES;
				SWIFT_VERSION = 5.0;
				TARGETED_DEVICE_FAMILY = "1,2";
			};
			name = Release;
		};
/* End XCBuildConfiguration section */

/* Begin XCConfigurationList section */
		476038892E40FB43008AB7AA /* Build configuration list for PBXProject "Grocery Split App" */ = {
			isa = XCConfigurationList;
			buildConfigurations = (
				476038B02E40FB44008AB7AA /* Debug */,
				476038B12E40FB44008AB7AA /* Release */,
			);
			defaultConfigurationIsVisible = 0;
			defaultConfigurationName = Release;
		};
		476038B22E40FB44008AB7AA /* Build configuration list for PBXNativeTarget "Grocery Split App" */ = {
			isa = XCConfigurationList;
			buildConfigurations = (
				476038B32E40FB44008AB7AA /* Debug */,
				476038B42E40FB44008AB7AA /* Release */,
			);
			defaultConfigurationIsVisible = 0;
			defaultConfigurationName = Release;
		};
		476038B52E40FB44008AB7AA /* Build configuration list for PBXNativeTarget "Grocery Split AppTests" */ = {
			isa = XCConfigurationList;
			buildConfigurations = (
				476038B62E40FB44008AB7AA /* Debug */,
				476038B72E40FB44008AB7AA /* Release */,
			);
			defaultConfigurationIsVisible = 0;
			defaultConfigurationName = Release;
		};
		476038B82E40FB44008AB7AA /* Build configuration list for PBXNativeTarget "Grocery Split AppUITests" */ = {
			isa = XCConfigurationList;
			buildConfigurations = (
				476038B92E40FB44008AB7AA /* Debug */,
				476038BA2E40FB44008AB7AA /* Release */,
			);
			defaultConfigurationIsVisible = 0;
			defaultConfigurationName = Release;
		};
		D100773B2EA0C106000DA2D8 /* Build configuration list for PBXNativeTarget "ReceiptSplittingWidgetExtension" */ = {
			isa = XCConfigurationList;
			buildConfigurations = (
				D10077382EA0C106000DA2D8 /* Debug */,
				D10077392EA0C106000DA2D8 /* Release */,
			);
			defaultConfigurationIsVisible = 0;
			defaultConfigurationName = Release;
		};
/* End XCConfigurationList section */
	};
	rootObject = 476038862E40FB43008AB7AA /* Project object */;
}
